// !$*UTF8*$!
{
	archiveVersion = 1;
	classes = {
	};
	objectVersion = 46;
	objects = {

/* Begin PBXBuildFile section */
		272683081AD1CC4D00E96630 /* AppDelegate.m in Sources */ = {isa = PBXBuildFile; fileRef = 272683071AD1CC4D00E96630 /* AppDelegate.m */; };
		2726830A1AD1CC4D00E96630 /* main.m in Sources */ = {isa = PBXBuildFile; fileRef = 272683091AD1CC4D00E96630 /* main.m */; };
		2726830D1AD1CC4D00E96630 /* ViewController.m in Sources */ = {isa = PBXBuildFile; fileRef = 2726830C1AD1CC4D00E96630 /* ViewController.m */; };
		2726830F1AD1CC4D00E96630 /* Images.xcassets in Resources */ = {isa = PBXBuildFile; fileRef = 2726830E1AD1CC4D00E96630 /* Images.xcassets */; };
		272683121AD1CC4D00E96630 /* Main.storyboard in Resources */ = {isa = PBXBuildFile; fileRef = 272683101AD1CC4D00E96630 /* Main.storyboard */; };
/* End PBXBuildFile section */

/* Begin PBXFileReference section */
		272683011AD1CC4D00E96630 /* Wedding Favour.app */ = {isa = PBXFileReference; explicitFileType = wrapper.application; includeInIndex = 0; path = "Wedding Favour.app"; sourceTree = BUILT_PRODUCTS_DIR; };
		272683051AD1CC4D00E96630 /* Info.plist */ = {isa = PBXFileReference; lastKnownFileType = text.plist.xml; path = Info.plist; sourceTree = "<group>"; };
		272683061AD1CC4D00E96630 /* AppDelegate.h */ = {isa = PBXFileReference; lastKnownFileType = sourcecode.c.h; path = AppDelegate.h; sourceTree = "<group>"; };
		272683071AD1CC4D00E96630 /* AppDelegate.m */ = {isa = PBXFileReference; lastKnownFileType = sourcecode.c.objc; path = AppDelegate.m; sourceTree = "<group>"; };
		272683091AD1CC4D00E96630 /* main.m */ = {isa = PBXFileReference; lastKnownFileType = sourcecode.c.objc; path = main.m; sourceTree = "<group>"; };
		2726830B1AD1CC4D00E96630 /* ViewController.h */ = {isa = PBXFileReference; lastKnownFileType = sourcecode.c.h; path = ViewController.h; sourceTree = "<group>"; };
		2726830C1AD1CC4D00E96630 /* ViewController.m */ = {isa = PBXFileReference; lastKnownFileType = sourcecode.c.objc; path = ViewController.m; sourceTree = "<group>"; };
		2726830E1AD1CC4D00E96630 /* Images.xcassets */ = {isa = PBXFileReference; lastKnownFileType = folder.assetcatalog; path = Images.xcassets; sourceTree = "<group>"; };
		272683111AD1CC4D00E96630 /* Base */ = {isa = PBXFileReference; lastKnownFileType = file.storyboard; name = Base; path = Base.lproj/Main.storyboard; sourceTree = "<group>"; };
/* End PBXFileReference section */

/* Begin PBXFrameworksBuildPhase section */
		272682FE1AD1CC4C00E96630 /* Frameworks */ = {
			isa = PBXFrameworksBuildPhase;
			buildActionMask = 2147483647;
			files = (
			);
			runOnlyForDeploymentPostprocessing = 0;
		};
/* End PBXFrameworksBuildPhase section */

/* Begin PBXGroup section */
		272682F81AD1CC4C00E96630 = {
			isa = PBXGroup;
			children = (
				272683031AD1CC4D00E96630 /* Wedding Favour */,
				272683021AD1CC4D00E96630 /* Products */,
			);
			sourceTree = "<group>";
		};
		272683021AD1CC4D00E96630 /* Products */ = {
			isa = PBXGroup;
			children = (
				272683011AD1CC4D00E96630 /* Wedding Favour.app */,
			);
			name = Products;
			sourceTree = "<group>";
		};
		272683031AD1CC4D00E96630 /* Wedding Favour */ = {
			isa = PBXGroup;
			children = (
				272683061AD1CC4D00E96630 /* AppDelegate.h */,
				272683071AD1CC4D00E96630 /* AppDelegate.m */,
				2726830B1AD1CC4D00E96630 /* ViewController.h */,
				2726830C1AD1CC4D00E96630 /* ViewController.m */,
				2726830E1AD1CC4D00E96630 /* Images.xcassets */,
				272683101AD1CC4D00E96630 /* Main.storyboard */,
				272683041AD1CC4D00E96630 /* Supporting Files */,
			);
			path = "Wedding Favour";
			sourceTree = "<group>";
		};
		272683041AD1CC4D00E96630 /* Supporting Files */ = {
			isa = PBXGroup;
			children = (
				272683051AD1CC4D00E96630 /* Info.plist */,
				272683091AD1CC4D00E96630 /* main.m */,
			);
			name = "Supporting Files";
			sourceTree = "<group>";
		};
/* End PBXGroup section */

/* Begin PBXNativeTarget section */
		272683001AD1CC4C00E96630 /* Wedding Favour */ = {
			isa = PBXNativeTarget;
			buildConfigurationList = 272683211AD1CC4D00E96630 /* Build configuration list for PBXNativeTarget "Wedding Favour" */;
			buildPhases = (
				272682FD1AD1CC4C00E96630 /* Sources */,
				272682FE1AD1CC4C00E96630 /* Frameworks */,
				272682FF1AD1CC4C00E96630 /* Resources */,
			);
			buildRules = (
			);
			dependencies = (
			);
			name = "Wedding Favour";
			productName = "Wedding Favour";
			productReference = 272683011AD1CC4D00E96630 /* Wedding Favour.app */;
			productType = "com.apple.product-type.application";
		};
/* End PBXNativeTarget section */

/* Begin PBXProject section */
		272682F91AD1CC4C00E96630 /* Project object */ = {
			isa = PBXProject;
			attributes = {
				LastUpgradeCheck = 0610;
				ORGANIZATIONNAME = "Stephen and Amy Bridges";
				TargetAttributes = {
					272683001AD1CC4C00E96630 = {
						CreatedOnToolsVersion = 6.1.1;
					};
				};
			};
			buildConfigurationList = 272682FC1AD1CC4C00E96630 /* Build configuration list for PBXProject "Wedding Favour" */;
			compatibilityVersion = "Xcode 3.2";
			developmentRegion = English;
			hasScannedForEncodings = 0;
			knownRegions = (
				en,
				Base,
			);
			mainGroup = 272682F81AD1CC4C00E96630;
			productRefGroup = 272683021AD1CC4D00E96630 /* Products */;
			projectDirPath = "";
			projectRoot = "";
			targets = (
				272683001AD1CC4C00E96630 /* Wedding Favour */,
			);
		};
/* End PBXProject section */

/* Begin PBXResourcesBuildPhase section */
		272682FF1AD1CC4C00E96630 /* Resources */ = {
			isa = PBXResourcesBuildPhase;
			buildActionMask = 2147483647;
			files = (
				2726830F1AD1CC4D00E96630 /* Images.xcassets in Resources */,
				272683121AD1CC4D00E96630 /* Main.storyboard in Resources */,
			);
			runOnlyForDeploymentPostprocessing = 0;
		};
/* End PBXResourcesBuildPhase section */

/* Begin PBXSourcesBuildPhase section */
		272682FD1AD1CC4C00E96630 /* Sources */ = {
			isa = PBXSourcesBuildPhase;
			buildActionMask = 2147483647;
			files = (
				2726830D1AD1CC4D00E96630 /* ViewController.m in Sources */,
				2726830A1AD1CC4D00E96630 /* main.m in Sources */,
				272683081AD1CC4D00E96630 /* AppDelegate.m in Sources */,
			);
			runOnlyForDeploymentPostprocessing = 0;
		};
/* End PBXSourcesBuildPhase section */

/* Begin PBXVariantGroup section */
		272683101AD1CC4D00E96630 /* Main.storyboard */ = {
			isa = PBXVariantGroup;
			children = (
				272683111AD1CC4D00E96630 /* Base */,
			);
			name = Main.storyboard;
			sourceTree = "<group>";
		};
/* End PBXVariantGroup section */

/* Begin XCBuildConfiguration section */
		2726831F1AD1CC4D00E96630 /* Debug */ = {
			isa = XCBuildConfiguration;
			buildSettings = {
				ALWAYS_SEARCH_USER_PATHS = NO;
				CLANG_CXX_LANGUAGE_STANDARD = "gnu++0x";
				CLANG_CXX_LIBRARY = "libc++";
				CLANG_ENABLE_MODULES = YES;
				CLANG_ENABLE_OBJC_ARC = YES;
				CLANG_WARN_BOOL_CONVERSION = YES;
				CLANG_WARN_CONSTANT_CONVERSION = YES;
				CLANG_WARN_DIRECT_OBJC_ISA_USAGE = YES_ERROR;
				CLANG_WARN_EMPTY_BODY = YES;
				CLANG_WARN_ENUM_CONVERSION = YES;
				CLANG_WARN_INT_CONVERSION = YES;
				CLANG_WARN_OBJC_ROOT_CLASS = YES_ERROR;
				CLANG_WARN_UNREACHABLE_CODE = YES;
				CLANG_WARN__DUPLICATE_METHOD_MATCH = YES;
				CODE_SIGN_IDENTITY = "-";
				COPY_PHASE_STRIP = NO;
				ENABLE_STRICT_OBJC_MSGSEND = YES;
				GCC_C_LANGUAGE_STANDARD = gnu99;
				GCC_DYNAMIC_NO_PIC = NO;
				GCC_OPTIMIZATION_LEVEL = 0;
				GCC_PREPROCESSOR_DEFINITIONS = (
					"DEBUG=1",
					"$(inherited)",
				);
				GCC_SYMBOLS_PRIVATE_EXTERN = NO;
				GCC_WARN_64_TO_32_BIT_CONVERSION = YES;
				GCC_WARN_ABOUT_RETURN_TYPE = YES_ERROR;
				GCC_WARN_UNDECLARED_SELECTOR = YES;
				GCC_WARN_UNINITIALIZED_AUTOS = YES_AGGRESSIVE;
				GCC_WARN_UNUSED_FUNCTION = YES;
				GCC_WARN_UNUSED_VARIABLE = YES;
				MACOSX_DEPLOYMENT_TARGET = 10.9;
				MTL_ENABLE_DEBUG_INFO = YES;
				ONLY_ACTIVE_ARCH = YES;
				SDKROOT = macosx;
			};
			name = Debug;
		};
		272683201AD1CC4D00E96630 /* Release */ = {
			isa = XCBuildConfiguration;
			buildSettings = {
				ALWAYS_SEARCH_USER_PATHS = NO;
				CLANG_CXX_LANGUAGE_STANDARD = "gnu++0x";
				CLANG_CXX_LIBRARY = "libc++";
				CLANG_ENABLE_MODULES = YES;
				CLANG_ENABLE_OBJC_ARC = YES;
				CLANG_WARN_BOOL_CONVERSION = YES;
				CLANG_WARN_CONSTANT_CONVERSION = YES;
				CLANG_WARN_DIRECT_OBJC_ISA_USAGE = YES_ERROR;
				CLANG_WARN_EMPTY_BODY = YES;
				CLANG_WARN_ENUM_CONVERSION = YES;
				CLANG_WARN_INT_CONVERSION = YES;
				CLANG_WARN_OBJC_ROOT_CLASS = YES_ERROR;
				CLANG_WARN_UNREACHABLE_CODE = YES;
				CLANG_WARN__DUPLICATE_METHOD_MATCH = YES;
				CODE_SIGN_IDENTITY = "-";
				COPY_PHASE_STRIP = YES;
				DEBUG_INFORMATION_FORMAT = "dwarf-with-dsym";
				ENABLE_NS_ASSERTIONS = NO;
				ENABLE_STRICT_OBJC_MSGSEND = YES;
				GCC_C_LANGUAGE_STANDARD = gnu99;
				GCC_WARN_64_TO_32_BIT_CONVERSION = YES;
				GCC_WARN_ABOUT_RETURN_TYPE = YES_ERROR;
				GCC_WARN_UNDECLARED_SELECTOR = YES;
				GCC_WARN_UNINITIALIZED_AUTOS = YES_AGGRESSIVE;
				GCC_WARN_UNUSED_FUNCTION = YES;
				GCC_WARN_UNUSED_VARIABLE = YES;
				MACOSX_DEPLOYMENT_TARGET = 10.9;
				MTL_ENABLE_DEBUG_INFO = NO;
				SDKROOT = macosx;
			};
			name = Release;
		};
		272683221AD1CC4D00E96630 /* Debug */ = {
			isa = XCBuildConfiguration;
			buildSettings = {
				ASSETCATALOG_COMPILER_APPICON_NAME = AppIcon;
				COMBINE_HIDPI_IMAGES = YES;
				INFOPLIST_FILE = "Wedding Favour/Info.plist";
				LD_RUNPATH_SEARCH_PATHS = "$(inherited) @executable_path/../Frameworks";
				PRODUCT_NAME = "$(TARGET_NAME)";
			};
			name = Debug;
		};
		272683231AD1CC4D00E96630 /* Release */ = {
			isa = XCBuildConfiguration;
			buildSettings = {
				ASSETCATALOG_COMPILER_APPICON_NAME = AppIcon;
				COMBINE_HIDPI_IMAGES = YES;
				INFOPLIST_FILE = "Wedding Favour/Info.plist";
				LD_RUNPATH_SEARCH_PATHS = "$(inherited) @executable_path/../Frameworks";
				PRODUCT_NAME = "$(TARGET_NAME)";
			};
			name = Release;
		};
/* End XCBuildConfiguration section */

/* Begin XCConfigurationList section */
		272682FC1AD1CC4C00E96630 /* Build configuration list for PBXProject "Wedding Favour" */ = {
			isa = XCConfigurationList;
			buildConfigurations = (
				2726831F1AD1CC4D00E96630 /* Debug */,
				272683201AD1CC4D00E96630 /* Release */,
			);
			defaultConfigurationIsVisible = 0;
			defaultConfigurationName = Release;
		};
		272683211AD1CC4D00E96630 /* Build configuration list for PBXNativeTarget "Wedding Favour" */ = {
			isa = XCConfigurationList;
			buildConfigurations = (
				272683221AD1CC4D00E96630 /* Debug */,
				272683231AD1CC4D00E96630 /* Release */,
			);
			defaultConfigurationIsVisible = 0;
			defaultConfigurationName = Release;
		};
/* End XCConfigurationList section */
	};
	rootObject = 272682F91AD1CC4C00E96630 /* Project object */;
}
